
Microsoft Visual Studio Solution File, Format Version 12.00
# Visual Studio Version 17
VisualStudioVersion = 17.11.35222.181
MinimumVisualStudioVersion = 10.0.40219.1
Project("{FAE04EC0-301F-11D3-BF4B-00C04F79EFBC}") = "FeaneMVC", "FeaneMVC\FeaneMVC.csproj", "{EEE8CB13-16A2-4903-BB19-EFF20ADB1307}"
EndProject
Global
	GlobalSection(SolutionConfigurationPlatforms) = preSolution
		Debug|Any CPU = Debug|Any CPU
		Release|Any CPU = Release|Any CPU
	EndGlobalSection
	GlobalSection(ProjectConfigurationPlatforms) = postSolution
		{EEE8CB13-16A2-4903-BB19-EFF20ADB1307}.Debug|Any CPU.ActiveCfg = Debug|Any CPU
		{EEE8CB13-16A2-4903-BB19-EFF20ADB1307}.Debug|Any CPU.Build.0 = Debug|Any CPU
		{EEE8CB13-16A2-4903-BB19-EFF20ADB1307}.Release|Any CPU.ActiveCfg = Release|Any CPU
		{EEE8CB13-16A2-4903-BB19-EFF20ADB1307}.Release|Any CPU.Build.0 = Release|Any CPU
	EndGlobalSection
	GlobalSection(SolutionProperties) = preSolution
		HideSolutionNode = FALSE
	EndGlobalSection
	GlobalSection(ExtensibilityGlobals) = postSolution
		SolutionGuid = {2CFAA9B3-8E36-4B46-AB78-A9C4BE614817}
	EndGlobalSection
EndGlobal
